{
  "name": "jira-cli",
  "version": "0.1.0",
  "lockfileVersion": 3,
  "requires": true,
  "packages": {
    "": {
      "name": "jira-cli",
      "version": "0.1.0",
      "dependencies": {
        "@clack/prompts": "^1.1.0",
        "commander": "^14.0.3",
        "picocolors": "^1.1.1"
      },
      "bin": {
        "jira": "src/index.ts"
      },
      "devDependencies": {
        "@types/bun": "latest",
        "@types/node": "^25.5.0",
        "typescript": "^5"
      }
    },
    "node_modules/@clack/core": {
      "version": "1.1.0",
      "license": "MIT",
      "dependencies": {
        "sisteransi": "^1.0.5"
      }
    },
    "node_modules/@clack/prompts": {
      "version": "1.1.0",
      "license": "MIT",
      "dependencies": {
        "@clack/core": "1.1.0",
        "sisteransi": "^1.0.5"
      }
    },
    "node_modules/@types/bun": {
      "version": "1.3.11",
      "resolved": "https://registry.npmjs.org/@types/bun/-/bun-1.3.11.tgz",
      "integrity": "sha512-5vPne5QvtpjGpsGYXiFyycfpDF2ECyPcTSsFBMa0fraoxiQyMJ3SmuQIGhzPg2WJuWxVBoxWJ2kClYTcw/4fAg==",
      "dev": true,
      "license": "MIT",
      "dependencies": {
        "bun-types": "1.3.11"
      }
    },
    "node_modules/@types/node": {
      "version": "25.5.0",
      "dev": true,
      "license": "MIT",
      "dependencies": {
        "undici-types": "~7.18.0"
      }
    },
    "node_modules/bun-types": {
      "version": "1.3.11",
      "dev": true,
      "license": "MIT",
      "dependencies": {
        "@types/node": "*"
      }
    },
    "node_modules/commander": {
      "version": "14.0.3",
      "license": "MIT",
      "engines": {
        "node": ">=20"
      }
    },
    "node_modules/picocolors": {
      "version": "1.1.1",
      "license": "ISC"
    },
    "node_modules/sisteransi": {
      "version": "1.0.5",
      "license": "MIT"
    },
    "node_modules/typescript": {
      "version": "5.9.3",
      "dev": true,
      "license": "Apache-2.0",
      "bin": {
        "tsc": "bin/tsc",
        "tsserver": "bin/tsserver"
      },
      "engines": {
        "node": ">=14.17"
      }
    },
    "node_modules/undici-types": {
      "version": "7.18.2",
      "dev": true,
      "license": "MIT"
    }
  }
}
